
Microsoft Visual Studio Solution File, Format Version 12.00
# Visual Studio 15
VisualStudioVersion = 15.0.26730.12
MinimumVisualStudioVersion = 10.0.40219.1
Project("{888888A0-9F3D-457C-B088-3A5042F75D52}") = "FlaskTestProject", "FlaskTestProject\FlaskTestProject.pyproj", "{151E0547-06C8-4F73-B205-06B88276AD14}"
EndProject
Project("{888888A0-9F3D-457C-B088-3A5042F75D52}") = "ScriptRunner", "ScriptRunner\ScriptRunner.pyproj", "{74C1C177-76A3-45AC-B1D6-F7FDF35BDB97}"
EndProject
Project("{888888A0-9F3D-457C-B088-3A5042F75D52}") = "BalanceLoader", "BalanceLoader\BalanceLoader.pyproj", "{B52CDA8C-82A5-429E-BDC1-5DA8E6DEF226}"
EndProject
Global
	GlobalSection(SolutionConfigurationPlatforms) = preSolution
		Debug|Any CPU = Debug|Any CPU
		Release|Any CPU = Release|Any CPU
	EndGlobalSection
	GlobalSection(ProjectConfigurationPlatforms) = postSolution
		{151E0547-06C8-4F73-B205-06B88276AD14}.Debug|Any CPU.ActiveCfg = Debug|Any CPU
		{151E0547-06C8-4F73-B205-06B88276AD14}.Debug|Any CPU.Build.0 = Debug|Any CPU
		{151E0547-06C8-4F73-B205-06B88276AD14}.Release|Any CPU.ActiveCfg = Release|Any CPU
		{151E0547-06C8-4F73-B205-06B88276AD14}.Release|Any CPU.Build.0 = Release|Any CPU
		{74C1C177-76A3-45AC-B1D6-F7FDF35BDB97}.Debug|Any CPU.ActiveCfg = Debug|Any CPU
		{74C1C177-76A3-45AC-B1D6-F7FDF35BDB97}.Release|Any CPU.ActiveCfg = Release|Any CPU
		{B52CDA8C-82A5-429E-BDC1-5DA8E6DEF226}.Debug|Any CPU.ActiveCfg = Debug|Any CPU
		{B52CDA8C-82A5-429E-BDC1-5DA8E6DEF226}.Release|Any CPU.ActiveCfg = Release|Any CPU
	EndGlobalSection
	GlobalSection(SolutionProperties) = preSolution
		HideSolutionNode = FALSE
	EndGlobalSection
	GlobalSection(ExtensibilityGlobals) = postSolution
		SolutionGuid = {B81EB95B-46FD-4AFB-BFC9-162F320314AA}
	EndGlobalSection
EndGlobal
